
Microsoft Visual Studio Solution File, Format Version 12.00
# Visual Studio Version 17
VisualStudioVersion = 17.11.35222.181
MinimumVisualStudioVersion = 10.0.40219.1
Project("{FAE04EC0-301F-11D3-BF4B-00C04F79EFBC}") = "Week8EpicGame", "Week8EpicGame\Week8EpicGame.csproj", "{FEB66151-1218-4B0E-8791-D8DE5C392C94}"
EndProject
Global
	GlobalSection(SolutionConfigurationPlatforms) = preSolution
		Debug|Any CPU = Debug|Any CPU
		Release|Any CPU = Release|Any CPU
	EndGlobalSection
	GlobalSection(ProjectConfigurationPlatforms) = postSolution
		{FEB66151-1218-4B0E-8791-D8DE5C392C94}.Debug|Any CPU.ActiveCfg = Debug|Any CPU
		{FEB66151-1218-4B0E-8791-D8DE5C392C94}.Debug|Any CPU.Build.0 = Debug|Any CPU
		{FEB66151-1218-4B0E-8791-D8DE5C392C94}.Release|Any CPU.ActiveCfg = Release|Any CPU
		{FEB66151-1218-4B0E-8791-D8DE5C392C94}.Release|Any CPU.Build.0 = Release|Any CPU
	EndGlobalSection
	GlobalSection(SolutionProperties) = preSolution
		HideSolutionNode = FALSE
	EndGlobalSection
	GlobalSection(ExtensibilityGlobals) = postSolution
		SolutionGuid = {D79F525B-6370-4C95-A97F-6890F3ACF404}
	EndGlobalSection
EndGlobal
